{
  "requires": true,
  "lockfileVersion": 1,
  "dependencies": {
    "@types/jsrsasign": {
      "version": "8.0.13",
      "resolved": "https://registry.npmjs.org/@types/jsrsasign/-/jsrsasign-8.0.13.tgz",
      "integrity": "sha512-+0Ij59D6NXP48KkeLhPXeQKOyLjvA9CD7zacc0Svy2IWHdl62BmDeTvGSIwKaGZSoamLJOo+on1AG/wPRLsd7A=="
    }
  }
}
